
Microsoft Visual Studio Solution File, Format Version 12.00
# Visual Studio Version 16
VisualStudioVersion = 16.0.30503.244
MinimumVisualStudioVersion = 10.0.40219.1
Project("{9A19103F-16F7-4668-BE54-9A1E7A4F7556}") = "DataMatrix.net", "DataMatrix.net\DataMatrix.net.csproj", "{74E675E8-11CE-46DA-AEF4-AE7C996C4C62}"
EndProject
Project("{FAE04EC0-301F-11D3-BF4B-00C04F79EFBC}") = "DataMatrixTest", "DataMatrixTest\DataMatrixTest.csproj", "{741AA864-6017-41AE-A095-F49A0C84B625}"
EndProject
Global
	GlobalSection(SolutionConfigurationPlatforms) = preSolution
		Debug|Any CPU = Debug|Any CPU
		Release|Any CPU = Release|Any CPU
	EndGlobalSection
	GlobalSection(ProjectConfigurationPlatforms) = postSolution
		{74E675E8-11CE-46DA-AEF4-AE7C996C4C62}.Debug|Any CPU.ActiveCfg = Debug|Any CPU
		{74E675E8-11CE-46DA-AEF4-AE7C996C4C62}.Debug|Any CPU.Build.0 = Debug|Any CPU
		{74E675E8-11CE-46DA-AEF4-AE7C996C4C62}.Release|Any CPU.ActiveCfg = Release|Any CPU
		{74E675E8-11CE-46DA-AEF4-AE7C996C4C62}.Release|Any CPU.Build.0 = Release|Any CPU
		{741AA864-6017-41AE-A095-F49A0C84B625}.Debug|Any CPU.ActiveCfg = Debug|Any CPU
		{741AA864-6017-41AE-A095-F49A0C84B625}.Debug|Any CPU.Build.0 = Debug|Any CPU
		{741AA864-6017-41AE-A095-F49A0C84B625}.Release|Any CPU.ActiveCfg = Release|Any CPU
		{741AA864-6017-41AE-A095-F49A0C84B625}.Release|Any CPU.Build.0 = Release|Any CPU
	EndGlobalSection
	GlobalSection(SolutionProperties) = preSolution
		HideSolutionNode = FALSE
	EndGlobalSection
	GlobalSection(ExtensibilityGlobals) = postSolution
		SolutionGuid = {5714DDBB-46B4-475A-9351-84C663B3CAAA}
	EndGlobalSection
EndGlobal
